{
  "originHash" : "1d9426ae879bcb9ed27f6fd36ed9b9df4bd9f8ab468041a8b213b1e4656f896c",
  "pins" : [
    {
      "identity" : "spline-ios",
      "kind" : "remoteSourceControl",
      "location" : "https://github.com/splinetool/spline-ios.git",
      "state" : {
        "branch" : "main",
        "revision" : "b2059bd2bebd793b26a708c24b58878e3fe35d56"
      }
    }
  ],
  "version" : 3
}
